
Microsoft Visual Studio Solution File, Format Version 12.00
# Visual Studio 15
VisualStudioVersion = 15.0.28010.2016
MinimumVisualStudioVersion = 10.0.40219.1
Project("{FAE04EC0-301F-11D3-BF4B-00C04F79EFBC}") = "MovieTime", "MovieTime\MovieTime.csproj", "{08F47B8C-5128-4266-8014-8AFCD326CC4F}"
EndProject
Global
	GlobalSection(SolutionConfigurationPlatforms) = preSolution
		Debug|Any CPU = Debug|Any CPU
		Release|Any CPU = Release|Any CPU
	EndGlobalSection
	GlobalSection(ProjectConfigurationPlatforms) = postSolution
		{08F47B8C-5128-4266-8014-8AFCD326CC4F}.Debug|Any CPU.ActiveCfg = Debug|Any CPU
		{08F47B8C-5128-4266-8014-8AFCD326CC4F}.Debug|Any CPU.Build.0 = Debug|Any CPU
		{08F47B8C-5128-4266-8014-8AFCD326CC4F}.Release|Any CPU.ActiveCfg = Release|Any CPU
		{08F47B8C-5128-4266-8014-8AFCD326CC4F}.Release|Any CPU.Build.0 = Release|Any CPU
	EndGlobalSection
	GlobalSection(SolutionProperties) = preSolution
		HideSolutionNode = FALSE
	EndGlobalSection
	GlobalSection(ExtensibilityGlobals) = postSolution
		SolutionGuid = {A0CD6146-416A-44D8-A2E0-E6B698E50B17}
	EndGlobalSection
EndGlobal
